PODS:
  - SnapKit (5.6.0)
  - ZLFlexKit (0.1.5)

DEPENDENCIES:
  - SnapKit (~> 5.0)
  - ZLFlexKit (from `../`)

SPEC REPOS:
  trunk:
    - SnapKit

EXTERNAL SOURCES:
  ZLFlexKit:
    :path: "../"

SPEC CHECKSUMS:
  SnapKit: e01d52ebb8ddbc333eefe2132acf85c8227d9c25
  ZLFlexKit: f9067c06720e031d6dc88163f2732a19b0ef8165

PODFILE CHECKSUM: 79942bfa8eaca57d783b8a75d79cf500cb25cfb6

COCOAPODS: 1.16.2
