PODS:
  - SnapKit (5.6.0)
  - ZLFlexKit (0.1.4)

DEPENDENCIES:
  - SnapKit (~> 5.0)
  - ZLFlexKit (from `../`)

SPEC REPOS:
  trunk:
    - SnapKit

EXTERNAL SOURCES:
  ZLFlexKit:
    :path: "../"

SPEC CHECKSUMS:
  SnapKit: e01d52ebb8ddbc333eefe2132acf85c8227d9c25
  ZLFlexKit: e56af822d60d2217bb81648f39bc95d010e4ce4c

PODFILE CHECKSUM: 04350d9a00b4346bd4b35cbbe0a4b4a8dcca80d6

COCOAPODS: 1.16.2
