PODS:
  - SnapKit (5.6.0)
  - ZLFlexKit (0.1.5)

DEPENDENCIES:
  - SnapKit (~> 5.0)
  - ZLFlexKit (from `../`)

SPEC REPOS:
  trunk:
    - SnapKit

EXTERNAL SOURCES:
  ZLFlexKit:
    :path: "../"

SPEC CHECKSUMS:
  SnapKit: e01d52ebb8ddbc333eefe2132acf85c8227d9c25
  ZLFlexKit: bf83def782e2009418efb34cee57755ec68a6a2d

PODFILE CHECKSUM: 04350d9a00b4346bd4b35cbbe0a4b4a8dcca80d6

COCOAPODS: 1.16.2
